
Microsoft Visual Studio Solution File, Format Version 12.00
# Visual Studio Version 17
VisualStudioVersion = 17.7.34221.43
MinimumVisualStudioVersion = 10.0.40219.1
Project("{FAE04EC0-301F-11D3-BF4B-00C04F79EFBC}") = "TblDemoApi", "TblDemoApi.csproj", "{16E1062B-37AD-4E56-B9A4-C3DD80F0A5CA}"
EndProject
Global
	GlobalSection(SolutionConfigurationPlatforms) = preSolution
		Debug|Any CPU = Debug|Any CPU
		Release|Any CPU = Release|Any CPU
	EndGlobalSection
	GlobalSection(ProjectConfigurationPlatforms) = postSolution
		{16E1062B-37AD-4E56-B9A4-C3DD80F0A5CA}.Debug|Any CPU.ActiveCfg = Debug|Any CPU
		{16E1062B-37AD-4E56-B9A4-C3DD80F0A5CA}.Debug|Any CPU.Build.0 = Debug|Any CPU
		{16E1062B-37AD-4E56-B9A4-C3DD80F0A5CA}.Release|Any CPU.ActiveCfg = Release|Any CPU
		{16E1062B-37AD-4E56-B9A4-C3DD80F0A5CA}.Release|Any CPU.Build.0 = Release|Any CPU
	EndGlobalSection
	GlobalSection(SolutionProperties) = preSolution
		HideSolutionNode = FALSE
	EndGlobalSection
	GlobalSection(ExtensibilityGlobals) = postSolution
		SolutionGuid = {D06AB0DD-A109-4C7E-B533-A25CB6E6BA6A}
	EndGlobalSection
EndGlobal
